// !$*UTF8*$!
{
	archiveVersion = 1;
	classes = {
	};
	objectVersion = 48;
	objects = {

/* Begin PBXBuildFile section */
		6098760420439E8000243079 /* HomeViewController.m in Sources */ = {isa = PBXBuildFile; fileRef = 6098760220439E8000243079 /* HomeViewController.m */; };
		6098760520439E8000243079 /* HomeViewController.xib in Resources */ = {isa = PBXBuildFile; fileRef = 6098760320439E8000243079 /* HomeViewController.xib */; };
		6098760820439F4700243079 /* BaseViewController.m in Sources */ = {isa = PBXBuildFile; fileRef = 6098760720439F4700243079 /* BaseViewController.m */; };
		6098760C2043A7D700243079 /* HomeIconCell.m in Sources */ = {isa = PBXBuildFile; fileRef = 6098760A2043A7D700243079 /* HomeIconCell.m */; };
		6098760D2043A7D700243079 /* HomeIconCell.xib in Resources */ = {isa = PBXBuildFile; fileRef = 6098760B2043A7D700243079 /* HomeIconCell.xib */; };
		609876112043ADE600243079 /* TitleIconCell.m in Sources */ = {isa = PBXBuildFile; fileRef = 6098760F2043ADE600243079 /* TitleIconCell.m */; };
		609876122043ADE600243079 /* TitleIconCell.xib in Resources */ = {isa = PBXBuildFile; fileRef = 609876102043ADE600243079 /* TitleIconCell.xib */; };
		609876162043AE8400243079 /* NewsViewCell.m in Sources */ = {isa = PBXBuildFile; fileRef = 609876142043AE8400243079 /* NewsViewCell.m */; };
		609876172043AE8400243079 /* NewsViewCell.xib in Resources */ = {isa = PBXBuildFile; fileRef = 609876152043AE8400243079 /* NewsViewCell.xib */; };
		6098761B2043BAC700243079 /* iconCell.m in Sources */ = {isa = PBXBuildFile; fileRef = 609876192043BAC700243079 /* iconCell.m */; };
		6098761C2043BAC700243079 /* iconCell.xib in Resources */ = {isa = PBXBuildFile; fileRef = 6098761A2043BAC700243079 /* iconCell.xib */; };
		60B622CC20424F43001DBA43 /* commonSet.m in Sources */ = {isa = PBXBuildFile; fileRef = 60B622CB20424F43001DBA43 /* commonSet.m */; };
		60E4015E2042B9CA00EF047E /* UserSourceController.m in Sources */ = {isa = PBXBuildFile; fileRef = 60E401552042B9C900EF047E /* UserSourceController.m */; };
		60E4015F2042B9CA00EF047E /* HouseSourceController.m in Sources */ = {isa = PBXBuildFile; fileRef = 60E401572042B9C900EF047E /* HouseSourceController.m */; };
		60E401612042B9CA00EF047E /* MeController.m in Sources */ = {isa = PBXBuildFile; fileRef = 60E401592042B9CA00EF047E /* MeController.m */; };
		60E401622042B9CA00EF047E /* ComputerController.m in Sources */ = {isa = PBXBuildFile; fileRef = 60E4015C2042B9CA00EF047E /* ComputerController.m */; };
		60E401652042BA3000EF047E /* CZTabBarController.m in Sources */ = {isa = PBXBuildFile; fileRef = 60E401632042BA3000EF047E /* CZTabBarController.m */; };
		60E401682042BE1200EF047E /* AppDelegate+MainUI.m in Sources */ = {isa = PBXBuildFile; fileRef = 60E401672042BE1200EF047E /* AppDelegate+MainUI.m */; };
		60E4016B2042BE6000EF047E /* Colours.m in Sources */ = {isa = PBXBuildFile; fileRef = 60E4016A2042BE6000EF047E /* Colours.m */; };
		60F978D420423FF900E79007 /* AppDelegate.m in Sources */ = {isa = PBXBuildFile; fileRef = 60F978D320423FF900E79007 /* AppDelegate.m */; };
		60F978D720423FF900E79007 /* ViewController.m in Sources */ = {isa = PBXBuildFile; fileRef = 60F978D620423FF900E79007 /* ViewController.m */; };
		60F978DA20423FF900E79007 /* Main.storyboard in Resources */ = {isa = PBXBuildFile; fileRef = 60F978D820423FF900E79007 /* Main.storyboard */; };
		60F978DC20423FF900E79007 /* Assets.xcassets in Resources */ = {isa = PBXBuildFile; fileRef = 60F978DB20423FF900E79007 /* Assets.xcassets */; };
		60F978DF20423FF900E79007 /* LaunchScreen.storyboard in Resources */ = {isa = PBXBuildFile; fileRef = 60F978DD20423FF900E79007 /* LaunchScreen.storyboard */; };
		60F978E220423FF900E79007 /* main.m in Sources */ = {isa = PBXBuildFile; fileRef = 60F978E120423FF900E79007 /* main.m */; };
		AA6D2A9B724FAEC47113B680 /* libPods-CZToken.a in Frameworks */ = {isa = PBXBuildFile; fileRef = 5E4F68D696251ABCA40F72E7 /* libPods-CZToken.a */; };
/* End PBXBuildFile section */

/* Begin PBXFileReference section */
		5E4F68D696251ABCA40F72E7 /* libPods-CZToken.a */ = {isa = PBXFileReference; explicitFileType = archive.ar; includeInIndex = 0; path = "libPods-CZToken.a"; sourceTree = BUILT_PRODUCTS_DIR; };
		6098760120439E8000243079 /* HomeViewController.h */ = {isa = PBXFileReference; lastKnownFileType = sourcecode.c.h; path = HomeViewController.h; sourceTree = "<group>"; };
		6098760220439E8000243079 /* HomeViewController.m */ = {isa = PBXFileReference; lastKnownFileType = sourcecode.c.objc; path = HomeViewController.m; sourceTree = "<group>"; };
		6098760320439E8000243079 /* HomeViewController.xib */ = {isa = PBXFileReference; lastKnownFileType = file.xib; path = HomeViewController.xib; sourceTree = "<group>"; };
		6098760620439F4700243079 /* BaseViewController.h */ = {isa = PBXFileReference; lastKnownFileType = sourcecode.c.h; path = BaseViewController.h; sourceTree = "<group>"; };
		6098760720439F4700243079 /* BaseViewController.m */ = {isa = PBXFileReference; lastKnownFileType = sourcecode.c.objc; path = BaseViewController.m; sourceTree = "<group>"; };
		609876092043A7D700243079 /* HomeIconCell.h */ = {isa = PBXFileReference; lastKnownFileType = sourcecode.c.h; path = HomeIconCell.h; sourceTree = "<group>"; };
		6098760A2043A7D700243079 /* HomeIconCell.m */ = {isa = PBXFileReference; lastKnownFileType = sourcecode.c.objc; path = HomeIconCell.m; sourceTree = "<group>"; };
		6098760B2043A7D700243079 /* HomeIconCell.xib */ = {isa = PBXFileReference; lastKnownFileType = file.xib; path = HomeIconCell.xib; sourceTree = "<group>"; };
		6098760E2043ADE600243079 /* TitleIconCell.h */ = {isa = PBXFileReference; lastKnownFileType = sourcecode.c.h; path = TitleIconCell.h; sourceTree = "<group>"; };
		6098760F2043ADE600243079 /* TitleIconCell.m */ = {isa = PBXFileReference; lastKnownFileType = sourcecode.c.objc; path = TitleIconCell.m; sourceTree = "<group>"; };
		609876102043ADE600243079 /* TitleIconCell.xib */ = {isa = PBXFileReference; lastKnownFileType = file.xib; path = TitleIconCell.xib; sourceTree = "<group>"; };
		609876132043AE8400243079 /* NewsViewCell.h */ = {isa = PBXFileReference; lastKnownFileType = sourcecode.c.h; path = NewsViewCell.h; sourceTree = "<group>"; };
		609876142043AE8400243079 /* NewsViewCell.m */ = {isa = PBXFileReference; lastKnownFileType = sourcecode.c.objc; path = NewsViewCell.m; sourceTree = "<group>"; };
		609876152043AE8400243079 /* NewsViewCell.xib */ = {isa = PBXFileReference; lastKnownFileType = file.xib; path = NewsViewCell.xib; sourceTree = "<group>"; };
		609876182043BAC700243079 /* iconCell.h */ = {isa = PBXFileReference; lastKnownFileType = sourcecode.c.h; path = iconCell.h; sourceTree = "<group>"; };
		609876192043BAC700243079 /* iconCell.m */ = {isa = PBXFileReference; lastKnownFileType = sourcecode.c.objc; path = iconCell.m; sourceTree = "<group>"; };
		6098761A2043BAC700243079 /* iconCell.xib */ = {isa = PBXFileReference; lastKnownFileType = file.xib; path = iconCell.xib; sourceTree = "<group>"; };
		60B622C820424CB8001DBA43 /* CZToken-Prefix.pch */ = {isa = PBXFileReference; lastKnownFileType = sourcecode.c.h; path = "CZToken-Prefix.pch"; sourceTree = "<group>"; };
		60B622CA20424F43001DBA43 /* commonSet.h */ = {isa = PBXFileReference; lastKnownFileType = sourcecode.c.h; path = commonSet.h; sourceTree = "<group>"; };
		60B622CB20424F43001DBA43 /* commonSet.m */ = {isa = PBXFileReference; lastKnownFileType = sourcecode.c.objc; path = commonSet.m; sourceTree = "<group>"; };
		60B622CD204251A8001DBA43 /* BasesHeader.h */ = {isa = PBXFileReference; lastKnownFileType = sourcecode.c.h; path = BasesHeader.h; sourceTree = "<group>"; };
		60B622CE204252E7001DBA43 /* Defines.h */ = {isa = PBXFileReference; lastKnownFileType = sourcecode.c.h; path = Defines.h; sourceTree = "<group>"; };
		60E401552042B9C900EF047E /* UserSourceController.m */ = {isa = PBXFileReference; fileEncoding = 4; lastKnownFileType = sourcecode.c.objc; path = UserSourceController.m; sourceTree = "<group>"; };
		60E401562042B9C900EF047E /* HouseSourceController.h */ = {isa = PBXFileReference; fileEncoding = 4; lastKnownFileType = sourcecode.c.h; path = HouseSourceController.h; sourceTree = "<group>"; };
		60E401572042B9C900EF047E /* HouseSourceController.m */ = {isa = PBXFileReference; fileEncoding = 4; lastKnownFileType = sourcecode.c.objc; path = HouseSourceController.m; sourceTree = "<group>"; };
		60E401592042B9CA00EF047E /* MeController.m */ = {isa = PBXFileReference; fileEncoding = 4; lastKnownFileType = sourcecode.c.objc; path = MeController.m; sourceTree = "<group>"; };
		60E4015A2042B9CA00EF047E /* UserSourceController.h */ = {isa = PBXFileReference; fileEncoding = 4; lastKnownFileType = sourcecode.c.h; path = UserSourceController.h; sourceTree = "<group>"; };
		60E4015B2042B9CA00EF047E /* MeController.h */ = {isa = PBXFileReference; fileEncoding = 4; lastKnownFileType = sourcecode.c.h; path = MeController.h; sourceTree = "<group>"; };
		60E4015C2042B9CA00EF047E /* ComputerController.m */ = {isa = PBXFileReference; fileEncoding = 4; lastKnownFileType = sourcecode.c.objc; path = ComputerController.m; sourceTree = "<group>"; };
		60E4015D2042B9CA00EF047E /* ComputerController.h */ = {isa = PBXFileReference; fileEncoding = 4; lastKnownFileType = sourcecode.c.h; path = ComputerController.h; sourceTree = "<group>"; };
		60E401632042BA3000EF047E /* CZTabBarController.m */ = {isa = PBXFileReference; fileEncoding = 4; lastKnownFileType = sourcecode.c.objc; path = CZTabBarController.m; sourceTree = "<group>"; };
		60E401642042BA3000EF047E /* CZTabBarController.h */ = {isa = PBXFileReference; fileEncoding = 4; lastKnownFileType = sourcecode.c.h; path = CZTabBarController.h; sourceTree = "<group>"; };
		60E401662042BE1200EF047E /* AppDelegate+MainUI.h */ = {isa = PBXFileReference; fileEncoding = 4; lastKnownFileType = sourcecode.c.h; path = "AppDelegate+MainUI.h"; sourceTree = "<group>"; };
		60E401672042BE1200EF047E /* AppDelegate+MainUI.m */ = {isa = PBXFileReference; fileEncoding = 4; lastKnownFileType = sourcecode.c.objc; path = "AppDelegate+MainUI.m"; sourceTree = "<group>"; };
		60E401692042BE6000EF047E /* Colours.h */ = {isa = PBXFileReference; fileEncoding = 4; lastKnownFileType = sourcecode.c.h; path = Colours.h; sourceTree = "<group>"; };
		60E4016A2042BE6000EF047E /* Colours.m */ = {isa = PBXFileReference; fileEncoding = 4; lastKnownFileType = sourcecode.c.objc; path = Colours.m; sourceTree = "<group>"; };
		60F978CF20423FF800E79007 /* CZToken.app */ = {isa = PBXFileReference; explicitFileType = wrapper.application; includeInIndex = 0; path = CZToken.app; sourceTree = BUILT_PRODUCTS_DIR; };
		60F978D220423FF800E79007 /* AppDelegate.h */ = {isa = PBXFileReference; lastKnownFileType = sourcecode.c.h; name = AppDelegate.h; path = "../New Group/AppDelegate.h"; sourceTree = "<group>"; };
		60F978D320423FF900E79007 /* AppDelegate.m */ = {isa = PBXFileReference; lastKnownFileType = sourcecode.c.objc; path = AppDelegate.m; sourceTree = "<group>"; };
		60F978D520423FF900E79007 /* ViewController.h */ = {isa = PBXFileReference; lastKnownFileType = sourcecode.c.h; path = ViewController.h; sourceTree = "<group>"; };
		60F978D620423FF900E79007 /* ViewController.m */ = {isa = PBXFileReference; lastKnownFileType = sourcecode.c.objc; path = ViewController.m; sourceTree = "<group>"; };
		60F978D920423FF900E79007 /* Base */ = {isa = PBXFileReference; lastKnownFileType = file.storyboard; name = Base; path = Base.lproj/Main.storyboard; sourceTree = "<group>"; };
		60F978DB20423FF900E79007 /* Assets.xcassets */ = {isa = PBXFileReference; lastKnownFileType = folder.assetcatalog; path = Assets.xcassets; sourceTree = "<group>"; };
		60F978DE20423FF900E79007 /* Base */ = {isa = PBXFileReference; lastKnownFileType = file.storyboard; name = Base; path = Base.lproj/LaunchScreen.storyboard; sourceTree = "<group>"; };
		60F978E020423FF900E79007 /* Info.plist */ = {isa = PBXFileReference; lastKnownFileType = text.plist.xml; path = Info.plist; sourceTree = "<group>"; };
		60F978E120423FF900E79007 /* main.m */ = {isa = PBXFileReference; lastKnownFileType = sourcecode.c.objc; path = main.m; sourceTree = "<group>"; };
		63AE435D0F5CF73E52226419 /* Pods-CZToken.release.xcconfig */ = {isa = PBXFileReference; includeInIndex = 1; lastKnownFileType = text.xcconfig; name = "Pods-CZToken.release.xcconfig"; path = "Pods/Target Support Files/Pods-CZToken/Pods-CZToken.release.xcconfig"; sourceTree = "<group>"; };
		ADCB27ACA71D600386FDB063 /* Pods-CZToken.debug.xcconfig */ = {isa = PBXFileReference; includeInIndex = 1; lastKnownFileType = text.xcconfig; name = "Pods-CZToken.debug.xcconfig"; path = "Pods/Target Support Files/Pods-CZToken/Pods-CZToken.debug.xcconfig"; sourceTree = "<group>"; };
/* End PBXFileReference section */

/* Begin PBXFrameworksBuildPhase section */
		60F978CC20423FF800E79007 /* Frameworks */ = {
			isa = PBXFrameworksBuildPhase;
			buildActionMask = 2147483647;
			files = (
				AA6D2A9B724FAEC47113B680 /* libPods-CZToken.a in Frameworks */,
			);
			runOnlyForDeploymentPostprocessing = 0;
		};
/* End PBXFrameworksBuildPhase section */

/* Begin PBXGroup section */
		6098761D204404CE00243079 /* Home */ = {
			isa = PBXGroup;
			children = (
				6098760120439E8000243079 /* HomeViewController.h */,
				6098760220439E8000243079 /* HomeViewController.m */,
				6098760320439E8000243079 /* HomeViewController.xib */,
			);
			path = Home;
			sourceTree = "<group>";
		};
		6098761E204404D600243079 /* House */ = {
			isa = PBXGroup;
			children = (
				60E401562042B9C900EF047E /* HouseSourceController.h */,
				60E401572042B9C900EF047E /* HouseSourceController.m */,
			);
			path = House;
			sourceTree = "<group>";
		};
		6098761F204404E000243079 /* User */ = {
			isa = PBXGroup;
			children = (
				60E4015A2042B9CA00EF047E /* UserSourceController.h */,
				60E401552042B9C900EF047E /* UserSourceController.m */,
			);
			path = User;
			sourceTree = "<group>";
		};
		60987620204404EA00243079 /* Computer */ = {
			isa = PBXGroup;
			children = (
				60E4015D2042B9CA00EF047E /* ComputerController.h */,
				60E4015C2042B9CA00EF047E /* ComputerController.m */,
			);
			path = Computer;
			sourceTree = "<group>";
		};
		60987621204404F300243079 /* Me */ = {
			isa = PBXGroup;
			children = (
				60E4015B2042B9CA00EF047E /* MeController.h */,
				60E401592042B9CA00EF047E /* MeController.m */,
			);
			path = Me;
			sourceTree = "<group>";
		};
		609876222044052C00243079 /* Home */ = {
			isa = PBXGroup;
			children = (
				609876092043A7D700243079 /* HomeIconCell.h */,
				6098760A2043A7D700243079 /* HomeIconCell.m */,
				6098760B2043A7D700243079 /* HomeIconCell.xib */,
				6098760E2043ADE600243079 /* TitleIconCell.h */,
				6098760F2043ADE600243079 /* TitleIconCell.m */,
				609876102043ADE600243079 /* TitleIconCell.xib */,
				609876132043AE8400243079 /* NewsViewCell.h */,
				609876142043AE8400243079 /* NewsViewCell.m */,
				609876152043AE8400243079 /* NewsViewCell.xib */,
				609876182043BAC700243079 /* iconCell.h */,
				609876192043BAC700243079 /* iconCell.m */,
				6098761A2043BAC700243079 /* iconCell.xib */,
			);
			path = Home;
			sourceTree = "<group>";
		};
		60B622C020424C0D001DBA43 /* AppDelegate */ = {
			isa = PBXGroup;
			children = (
				60E401662042BE1200EF047E /* AppDelegate+MainUI.h */,
				60E401672042BE1200EF047E /* AppDelegate+MainUI.m */,
				60E401642042BA3000EF047E /* CZTabBarController.h */,
				60E401632042BA3000EF047E /* CZTabBarController.m */,
				60F978D220423FF800E79007 /* AppDelegate.h */,
				60F978D320423FF900E79007 /* AppDelegate.m */,
			);
			path = AppDelegate;
			sourceTree = "<group>";
		};
		60B622C120424C29001DBA43 /* Classes */ = {
			isa = PBXGroup;
			children = (
				60B622C920424EF9001DBA43 /* Configs */,
				60B622C720424C6E001DBA43 /* Utilites */,
				60B622C620424C63001DBA43 /* ThirdTools */,
				60B622C520424C5C001DBA43 /* View */,
				60B622C420424C52001DBA43 /* Model */,
				60B622C320424C4B001DBA43 /* Controller */,
				60B622C220424C39001DBA43 /* Common */,
			);
			path = Classes;
			sourceTree = "<group>";
		};
		60B622C220424C39001DBA43 /* Common */ = {
			isa = PBXGroup;
			children = (
				60E401692042BE6000EF047E /* Colours.h */,
				60E4016A2042BE6000EF047E /* Colours.m */,
				60B622CA20424F43001DBA43 /* commonSet.h */,
				60B622CB20424F43001DBA43 /* commonSet.m */,
			);
			path = Common;
			sourceTree = "<group>";
		};
		60B622C320424C4B001DBA43 /* Controller */ = {
			isa = PBXGroup;
			children = (
				60987621204404F300243079 /* Me */,
				60987620204404EA00243079 /* Computer */,
				6098761F204404E000243079 /* User */,
				6098761E204404D600243079 /* House */,
				6098761D204404CE00243079 /* Home */,
				6098760620439F4700243079 /* BaseViewController.h */,
				6098760720439F4700243079 /* BaseViewController.m */,
			);
			path = Controller;
			sourceTree = "<group>";
		};
		60B622C420424C52001DBA43 /* Model */ = {
			isa = PBXGroup;
			children = (
			);
			path = Model;
			sourceTree = "<group>";
		};
		60B622C520424C5C001DBA43 /* View */ = {
			isa = PBXGroup;
			children = (
				609876222044052C00243079 /* Home */,
			);
			path = View;
			sourceTree = "<group>";
		};
		60B622C620424C63001DBA43 /* ThirdTools */ = {
			isa = PBXGroup;
			children = (
			);
			path = ThirdTools;
			sourceTree = "<group>";
		};
		60B622C720424C6E001DBA43 /* Utilites */ = {
			isa = PBXGroup;
			children = (
			);
			path = Utilites;
			sourceTree = "<group>";
		};
		60B622C920424EF9001DBA43 /* Configs */ = {
			isa = PBXGroup;
			children = (
				60B622CD204251A8001DBA43 /* BasesHeader.h */,
				60B622CE204252E7001DBA43 /* Defines.h */,
			);
			path = Configs;
			sourceTree = "<group>";
		};
		60F978C620423FF800E79007 = {
			isa = PBXGroup;
			children = (
				60F978D120423FF800E79007 /* CZToken */,
				60F978D020423FF800E79007 /* Products */,
				AD8DE24AB07490804C5D505A /* Pods */,
				73D7B805941FD54F52B249C7 /* Frameworks */,
			);
			sourceTree = "<group>";
		};
		60F978D020423FF800E79007 /* Products */ = {
			isa = PBXGroup;
			children = (
				60F978CF20423FF800E79007 /* CZToken.app */,
			);
			name = Products;
			sourceTree = "<group>";
		};
		60F978D120423FF800E79007 /* CZToken */ = {
			isa = PBXGroup;
			children = (
				60B622C120424C29001DBA43 /* Classes */,
				60B622C020424C0D001DBA43 /* AppDelegate */,
				60F978D520423FF900E79007 /* ViewController.h */,
				60F978D620423FF900E79007 /* ViewController.m */,
				60F978D820423FF900E79007 /* Main.storyboard */,
				60F978DB20423FF900E79007 /* Assets.xcassets */,
				60F978DD20423FF900E79007 /* LaunchScreen.storyboard */,
				60F978E020423FF900E79007 /* Info.plist */,
				60F978E120423FF900E79007 /* main.m */,
				60B622C820424CB8001DBA43 /* CZToken-Prefix.pch */,
			);
			path = CZToken;
			sourceTree = "<group>";
		};
		73D7B805941FD54F52B249C7 /* Frameworks */ = {
			isa = PBXGroup;
			children = (
				5E4F68D696251ABCA40F72E7 /* libPods-CZToken.a */,
			);
			name = Frameworks;
			sourceTree = "<group>";
		};
		AD8DE24AB07490804C5D505A /* Pods */ = {
			isa = PBXGroup;
			children = (
				ADCB27ACA71D600386FDB063 /* Pods-CZToken.debug.xcconfig */,
				63AE435D0F5CF73E52226419 /* Pods-CZToken.release.xcconfig */,
			);
			name = Pods;
			sourceTree = "<group>";
		};
/* End PBXGroup section */

/* Begin PBXNativeTarget section */
		60F978CE20423FF800E79007 /* CZToken */ = {
			isa = PBXNativeTarget;
			buildConfigurationList = 60F978E520423FF900E79007 /* Build configuration list for PBXNativeTarget "CZToken" */;
			buildPhases = (
				D5533F879A30B39958462D1C /* [CP] Check Pods Manifest.lock */,
				60F978CB20423FF800E79007 /* Sources */,
				60F978CC20423FF800E79007 /* Frameworks */,
				60F978CD20423FF800E79007 /* Resources */,
				332A7A0613747E52DBA39E98 /* [CP] Embed Pods Frameworks */,
				B5DBA37D5A6A0CA63DD222D7 /* [CP] Copy Pods Resources */,
			);
			buildRules = (
			);
			dependencies = (
			);
			name = CZToken;
			productName = CZToken;
			productReference = 60F978CF20423FF800E79007 /* CZToken.app */;
			productType = "com.apple.product-type.application";
		};
/* End PBXNativeTarget section */

/* Begin PBXProject section */
		60F978C720423FF800E79007 /* Project object */ = {
			isa = PBXProject;
			attributes = {
				LastUpgradeCheck = 0900;
				ORGANIZATIONNAME = NYHZ;
				TargetAttributes = {
					60F978CE20423FF800E79007 = {
						CreatedOnToolsVersion = 9.0.1;
						ProvisioningStyle = Automatic;
					};
				};
			};
			buildConfigurationList = 60F978CA20423FF800E79007 /* Build configuration list for PBXProject "CZToken" */;
			compatibilityVersion = "Xcode 8.0";
			developmentRegion = en;
			hasScannedForEncodings = 0;
			knownRegions = (
				en,
				Base,
			);
			mainGroup = 60F978C620423FF800E79007;
			productRefGroup = 60F978D020423FF800E79007 /* Products */;
			projectDirPath = "";
			projectRoot = "";
			targets = (
				60F978CE20423FF800E79007 /* CZToken */,
			);
		};
/* End PBXProject section */

/* Begin PBXResourcesBuildPhase section */
		60F978CD20423FF800E79007 /* Resources */ = {
			isa = PBXResourcesBuildPhase;
			buildActionMask = 2147483647;
			files = (
				609876172043AE8400243079 /* NewsViewCell.xib in Resources */,
				60F978DF20423FF900E79007 /* LaunchScreen.storyboard in Resources */,
				6098760D2043A7D700243079 /* HomeIconCell.xib in Resources */,
				60F978DC20423FF900E79007 /* Assets.xcassets in Resources */,
				609876122043ADE600243079 /* TitleIconCell.xib in Resources */,
				60F978DA20423FF900E79007 /* Main.storyboard in Resources */,
				6098761C2043BAC700243079 /* iconCell.xib in Resources */,
				6098760520439E8000243079 /* HomeViewController.xib in Resources */,
			);
			runOnlyForDeploymentPostprocessing = 0;
		};
/* End PBXResourcesBuildPhase section */

/* Begin PBXShellScriptBuildPhase section */
		332A7A0613747E52DBA39E98 /* [CP] Embed Pods Frameworks */ = {
			isa = PBXShellScriptBuildPhase;
			buildActionMask = 2147483647;
			files = (
			);
			inputPaths = (
			);
			name = "[CP] Embed Pods Frameworks";
			outputPaths = (
			);
			runOnlyForDeploymentPostprocessing = 0;
			shellPath = /bin/sh;
			shellScript = "\"${SRCROOT}/Pods/Target Support Files/Pods-CZToken/Pods-CZToken-frameworks.sh\"\n";
			showEnvVarsInLog = 0;
		};
		B5DBA37D5A6A0CA63DD222D7 /* [CP] Copy Pods Resources */ = {
			isa = PBXShellScriptBuildPhase;
			buildActionMask = 2147483647;
			files = (
			);
			inputPaths = (
			);
			name = "[CP] Copy Pods Resources";
			outputPaths = (
			);
			runOnlyForDeploymentPostprocessing = 0;
			shellPath = /bin/sh;
			shellScript = "\"${SRCROOT}/Pods/Target Support Files/Pods-CZToken/Pods-CZToken-resources.sh\"\n";
			showEnvVarsInLog = 0;
		};
		D5533F879A30B39958462D1C /* [CP] Check Pods Manifest.lock */ = {
			isa = PBXShellScriptBuildPhase;
			buildActionMask = 2147483647;
			files = (
			);
			inputPaths = (
			);
			name = "[CP] Check Pods Manifest.lock";
			outputPaths = (
			);
			runOnlyForDeploymentPostprocessing = 0;
			shellPath = /bin/sh;
			shellScript = "diff \"${PODS_ROOT}/../Podfile.lock\" \"${PODS_ROOT}/Manifest.lock\" > /dev/null\nif [ $? != 0 ] ; then\n    # print error to STDERR\n    echo \"error: The sandbox is not in sync with the Podfile.lock. Run 'pod install' or update your CocoaPods installation.\" >&2\n    exit 1\nfi\n";
			showEnvVarsInLog = 0;
		};
/* End PBXShellScriptBuildPhase section */

/* Begin PBXSourcesBuildPhase section */
		60F978CB20423FF800E79007 /* Sources */ = {
			isa = PBXSourcesBuildPhase;
			buildActionMask = 2147483647;
			files = (
				60E401652042BA3000EF047E /* CZTabBarController.m in Sources */,
				609876162043AE8400243079 /* NewsViewCell.m in Sources */,
				6098760C2043A7D700243079 /* HomeIconCell.m in Sources */,
				609876112043ADE600243079 /* TitleIconCell.m in Sources */,
				60F978D720423FF900E79007 /* ViewController.m in Sources */,
				6098761B2043BAC700243079 /* iconCell.m in Sources */,
				60E4015F2042B9CA00EF047E /* HouseSourceController.m in Sources */,
				60E401682042BE1200EF047E /* AppDelegate+MainUI.m in Sources */,
				60F978E220423FF900E79007 /* main.m in Sources */,
				60F978D420423FF900E79007 /* AppDelegate.m in Sources */,
				60E4015E2042B9CA00EF047E /* UserSourceController.m in Sources */,
				60E4016B2042BE6000EF047E /* Colours.m in Sources */,
				60B622CC20424F43001DBA43 /* commonSet.m in Sources */,
				6098760820439F4700243079 /* BaseViewController.m in Sources */,
				60E401612042B9CA00EF047E /* MeController.m in Sources */,
				60E401622042B9CA00EF047E /* ComputerController.m in Sources */,
				6098760420439E8000243079 /* HomeViewController.m in Sources */,
			);
			runOnlyForDeploymentPostprocessing = 0;
		};
/* End PBXSourcesBuildPhase section */

/* Begin PBXVariantGroup section */
		60F978D820423FF900E79007 /* Main.storyboard */ = {
			isa = PBXVariantGroup;
			children = (
				60F978D920423FF900E79007 /* Base */,
			);
			name = Main.storyboard;
			sourceTree = "<group>";
		};
		60F978DD20423FF900E79007 /* LaunchScreen.storyboard */ = {
			isa = PBXVariantGroup;
			children = (
				60F978DE20423FF900E79007 /* Base */,
			);
			name = LaunchScreen.storyboard;
			sourceTree = "<group>";
		};
/* End PBXVariantGroup section */

/* Begin XCBuildConfiguration section */
		60F978E320423FF900E79007 /* Debug */ = {
			isa = XCBuildConfiguration;
			buildSettings = {
				ALWAYS_SEARCH_USER_PATHS = NO;
				CLANG_ANALYZER_NONNULL = YES;
				CLANG_ANALYZER_NUMBER_OBJECT_CONVERSION = YES_AGGRESSIVE;
				CLANG_CXX_LANGUAGE_STANDARD = "gnu++14";
				CLANG_CXX_LIBRARY = "libc++";
				CLANG_ENABLE_MODULES = YES;
				CLANG_ENABLE_OBJC_ARC = YES;
				CLANG_WARN_BLOCK_CAPTURE_AUTORELEASING = YES;
				CLANG_WARN_BOOL_CONVERSION = YES;
				CLANG_WARN_COMMA = YES;
				CLANG_WARN_CONSTANT_CONVERSION = YES;
				CLANG_WARN_DIRECT_OBJC_ISA_USAGE = YES_ERROR;
				CLANG_WARN_DOCUMENTATION_COMMENTS = YES;
				CLANG_WARN_EMPTY_BODY = YES;
				CLANG_WARN_ENUM_CONVERSION = YES;
				CLANG_WARN_INFINITE_RECURSION = YES;
				CLANG_WARN_INT_CONVERSION = YES;
				CLANG_WARN_NON_LITERAL_NULL_CONVERSION = YES;
				CLANG_WARN_OBJC_LITERAL_CONVERSION = YES;
				CLANG_WARN_OBJC_ROOT_CLASS = YES_ERROR;
				CLANG_WARN_RANGE_LOOP_ANALYSIS = YES;
				CLANG_WARN_STRICT_PROTOTYPES = YES;
				CLANG_WARN_SUSPICIOUS_MOVE = YES;
				CLANG_WARN_UNGUARDED_AVAILABILITY = YES_AGGRESSIVE;
				CLANG_WARN_UNREACHABLE_CODE = YES;
				CLANG_WARN__DUPLICATE_METHOD_MATCH = YES;
				CODE_SIGN_IDENTITY = "iPhone Developer";
				COPY_PHASE_STRIP = NO;
				DEBUG_INFORMATION_FORMAT = dwarf;
				ENABLE_STRICT_OBJC_MSGSEND = YES;
				ENABLE_TESTABILITY = YES;
				GCC_C_LANGUAGE_STANDARD = gnu11;
				GCC_DYNAMIC_NO_PIC = NO;
				GCC_NO_COMMON_BLOCKS = YES;
				GCC_OPTIMIZATION_LEVEL = 0;
				GCC_PREPROCESSOR_DEFINITIONS = (
					"DEBUG=1",
					"$(inherited)",
				);
				GCC_WARN_64_TO_32_BIT_CONVERSION = YES;
				GCC_WARN_ABOUT_RETURN_TYPE = YES_ERROR;
				GCC_WARN_UNDECLARED_SELECTOR = YES;
				GCC_WARN_UNINITIALIZED_AUTOS = YES_AGGRESSIVE;
				GCC_WARN_UNUSED_FUNCTION = YES;
				GCC_WARN_UNUSED_VARIABLE = YES;
				IPHONEOS_DEPLOYMENT_TARGET = 11.0;
				MTL_ENABLE_DEBUG_INFO = YES;
				ONLY_ACTIVE_ARCH = YES;
				SDKROOT = iphoneos;
			};
			name = Debug;
		};
		60F978E420423FF900E79007 /* Release */ = {
			isa = XCBuildConfiguration;
			buildSettings = {
				ALWAYS_SEARCH_USER_PATHS = NO;
				CLANG_ANALYZER_NONNULL = YES;
				CLANG_ANALYZER_NUMBER_OBJECT_CONVERSION = YES_AGGRESSIVE;
				CLANG_CXX_LANGUAGE_STANDARD = "gnu++14";
				CLANG_CXX_LIBRARY = "libc++";
				CLANG_ENABLE_MODULES = YES;
				CLANG_ENABLE_OBJC_ARC = YES;
				CLANG_WARN_BLOCK_CAPTURE_AUTORELEASING = YES;
				CLANG_WARN_BOOL_CONVERSION = YES;
				CLANG_WARN_COMMA = YES;
				CLANG_WARN_CONSTANT_CONVERSION = YES;
				CLANG_WARN_DIRECT_OBJC_ISA_USAGE = YES_ERROR;
				CLANG_WARN_DOCUMENTATION_COMMENTS = YES;
				CLANG_WARN_EMPTY_BODY = YES;
				CLANG_WARN_ENUM_CONVERSION = YES;
				CLANG_WARN_INFINITE_RECURSION = YES;
				CLANG_WARN_INT_CONVERSION = YES;
				CLANG_WARN_NON_LITERAL_NULL_CONVERSION = YES;
				CLANG_WARN_OBJC_LITERAL_CONVERSION = YES;
				CLANG_WARN_OBJC_ROOT_CLASS = YES_ERROR;
				CLANG_WARN_RANGE_LOOP_ANALYSIS = YES;
				CLANG_WARN_STRICT_PROTOTYPES = YES;
				CLANG_WARN_SUSPICIOUS_MOVE = YES;
				CLANG_WARN_UNGUARDED_AVAILABILITY = YES_AGGRESSIVE;
				CLANG_WARN_UNREACHABLE_CODE = YES;
				CLANG_WARN__DUPLICATE_METHOD_MATCH = YES;
				CODE_SIGN_IDENTITY = "iPhone Developer";
				COPY_PHASE_STRIP = NO;
				DEBUG_INFORMATION_FORMAT = "dwarf-with-dsym";
				ENABLE_NS_ASSERTIONS = NO;
				ENABLE_STRICT_OBJC_MSGSEND = YES;
				GCC_C_LANGUAGE_STANDARD = gnu11;
				GCC_NO_COMMON_BLOCKS = YES;
				GCC_WARN_64_TO_32_BIT_CONVERSION = YES;
				GCC_WARN_ABOUT_RETURN_TYPE = YES_ERROR;
				GCC_WARN_UNDECLARED_SELECTOR = YES;
				GCC_WARN_UNINITIALIZED_AUTOS = YES_AGGRESSIVE;
				GCC_WARN_UNUSED_FUNCTION = YES;
				GCC_WARN_UNUSED_VARIABLE = YES;
				IPHONEOS_DEPLOYMENT_TARGET = 11.0;
				MTL_ENABLE_DEBUG_INFO = NO;
				SDKROOT = iphoneos;
				VALIDATE_PRODUCT = YES;
			};
			name = Release;
		};
		60F978E620423FF900E79007 /* Debug */ = {
			isa = XCBuildConfiguration;
			baseConfigurationReference = ADCB27ACA71D600386FDB063 /* Pods-CZToken.debug.xcconfig */;
			buildSettings = {
				ASSETCATALOG_COMPILER_APPICON_NAME = AppIcon;
				CODE_SIGN_STYLE = Automatic;
				DEVELOPMENT_TEAM = 3AAV5C4X4L;
				GCC_PRECOMPILE_PREFIX_HEADER = YES;
				GCC_PREFIX_HEADER = "/Users/jlc/Desktop/Other/cz/CZToken/CZToken/CZToken-Prefix.pch";
				INFOPLIST_FILE = CZToken/Info.plist;
				IPHONEOS_DEPLOYMENT_TARGET = 8.0;
				LD_RUNPATH_SEARCH_PATHS = "$(inherited) @executable_path/Frameworks";
				PRODUCT_BUNDLE_IDENTIFIER = com.nyhz.CZToken;
				PRODUCT_NAME = "$(TARGET_NAME)";
				TARGETED_DEVICE_FAMILY = "1,2";
			};
			name = Debug;
		};
		60F978E720423FF900E79007 /* Release */ = {
			isa = XCBuildConfiguration;
			baseConfigurationReference = 63AE435D0F5CF73E52226419 /* Pods-CZToken.release.xcconfig */;
			buildSettings = {
				ASSETCATALOG_COMPILER_APPICON_NAME = AppIcon;
				CODE_SIGN_STYLE = Automatic;
				DEVELOPMENT_TEAM = 3AAV5C4X4L;
				GCC_PRECOMPILE_PREFIX_HEADER = YES;
				GCC_PREFIX_HEADER = "/Users/jlc/Desktop/Other/cz/CZToken/CZToken/CZToken-Prefix.pch";
				INFOPLIST_FILE = CZToken/Info.plist;
				IPHONEOS_DEPLOYMENT_TARGET = 8.0;
				LD_RUNPATH_SEARCH_PATHS = "$(inherited) @executable_path/Frameworks";
				PRODUCT_BUNDLE_IDENTIFIER = com.nyhz.CZToken;
				PRODUCT_NAME = "$(TARGET_NAME)";
				TARGETED_DEVICE_FAMILY = "1,2";
			};
			name = Release;
		};
/* End XCBuildConfiguration section */

/* Begin XCConfigurationList section */
		60F978CA20423FF800E79007 /* Build configuration list for PBXProject "CZToken" */ = {
			isa = XCConfigurationList;
			buildConfigurations = (
				60F978E320423FF900E79007 /* Debug */,
				60F978E420423FF900E79007 /* Release */,
			);
			defaultConfigurationIsVisible = 0;
			defaultConfigurationName = Release;
		};
		60F978E520423FF900E79007 /* Build configuration list for PBXNativeTarget "CZToken" */ = {
			isa = XCConfigurationList;
			buildConfigurations = (
				60F978E620423FF900E79007 /* Debug */,
				60F978E720423FF900E79007 /* Release */,
			);
			defaultConfigurationIsVisible = 0;
			defaultConfigurationName = Release;
		};
/* End XCConfigurationList section */
	};
	rootObject = 60F978C720423FF800E79007 /* Project object */;
}
